// !$*UTF8*$!
{
	archiveVersion = 1;
	classes = {
	};
	objectVersion = 56;
	objects = {

/* Begin PBXBuildFile section */
		8F0A7CC52A56A5820078A0C2 /* libglog.0.6.0.dylib in Frameworks */ = {isa = PBXBuildFile; fileRef = 8F0A7CC42A56A5820078A0C2 /* libglog.0.6.0.dylib */; };
		8F5F5BD52A56A14F00C4A40A /* jpeg_helper.cpp in Sources */ = {isa = PBXBuildFile; fileRef = 8F5F5BD42A56A14F00C4A40A /* jpeg_helper.cpp */; };
		8F5F5BD92A56A15900C4A40A /* ppm_helper.cpp in Sources */ = {isa = PBXBuildFile; fileRef = 8F5F5BD72A56A15900C4A40A /* ppm_helper.cpp */; };
		8F5F5BDE2A56A16300C4A40A /* yuv_helper.cpp in Sources */ = {isa = PBXBuildFile; fileRef = 8F5F5BDD2A56A16300C4A40A /* yuv_helper.cpp */; };
		8F5F5BE02A56A1C400C4A40A /* libjpeg.9.dylib in Frameworks */ = {isa = PBXBuildFile; fileRef = 8F5F5BDF2A56A1C400C4A40A /* libjpeg.9.dylib */; };
		8F5F5BE42A56A1F200C4A40A /* libgflags.2.2.2.dylib in Frameworks */ = {isa = PBXBuildFile; fileRef = 8F5F5BE32A56A1F200C4A40A /* libgflags.2.2.2.dylib */; };
		D93BDC7F29FD14D3006F0E57 /* mod_openh264.cpp in Sources */ = {isa = PBXBuildFile; fileRef = D93BDC7D29FD14D3006F0E57 /* mod_openh264.cpp */; };
		D94CCDA029FD137100BA7CA9 /* main.cpp in Sources */ = {isa = PBXBuildFile; fileRef = D94CCD9F29FD137100BA7CA9 /* main.cpp */; };
		D94CCDA829FD139400BA7CA9 /* libopenh264.2.3.1.dylib in Frameworks */ = {isa = PBXBuildFile; fileRef = D94CCDA729FD139400BA7CA9 /* libopenh264.2.3.1.dylib */; };
/* End PBXBuildFile section */

/* Begin PBXCopyFilesBuildPhase section */
		D94CCD9A29FD137100BA7CA9 /* CopyFiles */ = {
			isa = PBXCopyFilesBuildPhase;
			buildActionMask = 2147483647;
			dstPath = /usr/share/man/man1/;
			dstSubfolderSpec = 0;
			files = (
			);
			runOnlyForDeploymentPostprocessing = 1;
		};
/* End PBXCopyFilesBuildPhase section */

/* Begin PBXFileReference section */
		8F0A7CC42A56A5820078A0C2 /* libglog.0.6.0.dylib */ = {isa = PBXFileReference; lastKnownFileType = "compiled.mach-o.dylib"; name = libglog.0.6.0.dylib; path = /opt/homebrew/Cellar/glog/0.6.0/lib/libglog.0.6.0.dylib; sourceTree = "<group>"; };
		8F5F5BD32A56A14F00C4A40A /* jpeg_helper.hpp */ = {isa = PBXFileReference; fileEncoding = 4; lastKnownFileType = sourcecode.cpp.h; path = jpeg_helper.hpp; sourceTree = "<group>"; };
		8F5F5BD42A56A14F00C4A40A /* jpeg_helper.cpp */ = {isa = PBXFileReference; fileEncoding = 4; lastKnownFileType = sourcecode.cpp.cpp; path = jpeg_helper.cpp; sourceTree = "<group>"; };
		8F5F5BD72A56A15900C4A40A /* ppm_helper.cpp */ = {isa = PBXFileReference; fileEncoding = 4; lastKnownFileType = sourcecode.cpp.cpp; path = ppm_helper.cpp; sourceTree = "<group>"; };
		8F5F5BD82A56A15900C4A40A /* ppm_helper.hpp */ = {isa = PBXFileReference; fileEncoding = 4; lastKnownFileType = sourcecode.cpp.h; path = ppm_helper.hpp; sourceTree = "<group>"; };
		8F5F5BDB2A56A16300C4A40A /* yuv_helper.hpp */ = {isa = PBXFileReference; fileEncoding = 4; lastKnownFileType = sourcecode.cpp.h; path = yuv_helper.hpp; sourceTree = "<group>"; };
		8F5F5BDC2A56A16300C4A40A /* README.md */ = {isa = PBXFileReference; fileEncoding = 4; lastKnownFileType = net.daringfireball.markdown; path = README.md; sourceTree = "<group>"; };
		8F5F5BDD2A56A16300C4A40A /* yuv_helper.cpp */ = {isa = PBXFileReference; fileEncoding = 4; lastKnownFileType = sourcecode.cpp.cpp; path = yuv_helper.cpp; sourceTree = "<group>"; };
		8F5F5BDF2A56A1C400C4A40A /* libjpeg.9.dylib */ = {isa = PBXFileReference; lastKnownFileType = "compiled.mach-o.dylib"; name = libjpeg.9.dylib; path = /opt/homebrew/Cellar/jpeg/9e/lib/libjpeg.9.dylib; sourceTree = "<group>"; };
		8F5F5BE32A56A1F200C4A40A /* libgflags.2.2.2.dylib */ = {isa = PBXFileReference; lastKnownFileType = "compiled.mach-o.dylib"; name = libgflags.2.2.2.dylib; path = /opt/homebrew/Cellar/gflags/2.2.2/lib/libgflags.2.2.2.dylib; sourceTree = "<group>"; };
		D93BDC7D29FD14D3006F0E57 /* mod_openh264.cpp */ = {isa = PBXFileReference; lastKnownFileType = sourcecode.cpp.cpp; path = mod_openh264.cpp; sourceTree = "<group>"; };
		D93BDC7E29FD14D3006F0E57 /* mod_openh264.hpp */ = {isa = PBXFileReference; lastKnownFileType = sourcecode.cpp.h; path = mod_openh264.hpp; sourceTree = "<group>"; };
		D94CCD9C29FD137100BA7CA9 /* mod_openh264 */ = {isa = PBXFileReference; explicitFileType = "compiled.mach-o.executable"; includeInIndex = 0; path = mod_openh264; sourceTree = BUILT_PRODUCTS_DIR; };
		D94CCD9F29FD137100BA7CA9 /* main.cpp */ = {isa = PBXFileReference; lastKnownFileType = sourcecode.cpp.cpp; path = main.cpp; sourceTree = "<group>"; };
		D94CCDA729FD139400BA7CA9 /* libopenh264.2.3.1.dylib */ = {isa = PBXFileReference; lastKnownFileType = "compiled.mach-o.dylib"; name = libopenh264.2.3.1.dylib; path = /opt/homebrew/Cellar/openh264/2.3.1/lib/libopenh264.2.3.1.dylib; sourceTree = "<group>"; };
/* End PBXFileReference section */

/* Begin PBXFrameworksBuildPhase section */
		D94CCD9929FD137100BA7CA9 /* Frameworks */ = {
			isa = PBXFrameworksBuildPhase;
			buildActionMask = 2147483647;
			files = (
				8F5F5BE42A56A1F200C4A40A /* libgflags.2.2.2.dylib in Frameworks */,
				8F0A7CC52A56A5820078A0C2 /* libglog.0.6.0.dylib in Frameworks */,
				8F5F5BE02A56A1C400C4A40A /* libjpeg.9.dylib in Frameworks */,
				D94CCDA829FD139400BA7CA9 /* libopenh264.2.3.1.dylib in Frameworks */,
			);
			runOnlyForDeploymentPostprocessing = 0;
		};
/* End PBXFrameworksBuildPhase section */

/* Begin PBXGroup section */
		8F5F5BD22A56A14F00C4A40A /* jpeg_helper */ = {
			isa = PBXGroup;
			children = (
				8F5F5BD32A56A14F00C4A40A /* jpeg_helper.hpp */,
				8F5F5BD42A56A14F00C4A40A /* jpeg_helper.cpp */,
			);
			name = jpeg_helper;
			path = jpeg_helper/jpeg_helper/jpeg_helper;
			sourceTree = SOURCE_ROOT;
		};
		8F5F5BD62A56A15900C4A40A /* ppm_helper */ = {
			isa = PBXGroup;
			children = (
				8F5F5BD72A56A15900C4A40A /* ppm_helper.cpp */,
				8F5F5BD82A56A15900C4A40A /* ppm_helper.hpp */,
			);
			name = ppm_helper;
			path = jpeg_helper/jpeg_helper/ppm_helper;
			sourceTree = SOURCE_ROOT;
		};
		8F5F5BDA2A56A16300C4A40A /* yuv_helper */ = {
			isa = PBXGroup;
			children = (
				8F5F5BDB2A56A16300C4A40A /* yuv_helper.hpp */,
				8F5F5BDC2A56A16300C4A40A /* README.md */,
				8F5F5BDD2A56A16300C4A40A /* yuv_helper.cpp */,
			);
			name = yuv_helper;
			path = jpeg_helper/jpeg_helper/yuv_helper;
			sourceTree = SOURCE_ROOT;
		};
		D93BDC7C29FD14A5006F0E57 /* mod_openh264 */ = {
			isa = PBXGroup;
			children = (
				D93BDC7D29FD14D3006F0E57 /* mod_openh264.cpp */,
				D93BDC7E29FD14D3006F0E57 /* mod_openh264.hpp */,
			);
			path = mod_openh264;
			sourceTree = "<group>";
		};
		D94CCD9329FD137100BA7CA9 = {
			isa = PBXGroup;
			children = (
				D94CCD9E29FD137100BA7CA9 /* mod_openh264 */,
				D94CCD9D29FD137100BA7CA9 /* Products */,
				D94CCDA629FD139400BA7CA9 /* Frameworks */,
			);
			sourceTree = "<group>";
		};
		D94CCD9D29FD137100BA7CA9 /* Products */ = {
			isa = PBXGroup;
			children = (
				D94CCD9C29FD137100BA7CA9 /* mod_openh264 */,
			);
			name = Products;
			sourceTree = "<group>";
		};
		D94CCD9E29FD137100BA7CA9 /* mod_openh264 */ = {
			isa = PBXGroup;
			children = (
				8F5F5BD22A56A14F00C4A40A /* jpeg_helper */,
				D93BDC7C29FD14A5006F0E57 /* mod_openh264 */,
				8F5F5BD62A56A15900C4A40A /* ppm_helper */,
				8F5F5BDA2A56A16300C4A40A /* yuv_helper */,
				D94CCD9F29FD137100BA7CA9 /* main.cpp */,
			);
			path = mod_openh264;
			sourceTree = "<group>";
		};
		D94CCDA629FD139400BA7CA9 /* Frameworks */ = {
			isa = PBXGroup;
			children = (
				8F0A7CC42A56A5820078A0C2 /* libglog.0.6.0.dylib */,
				8F5F5BE32A56A1F200C4A40A /* libgflags.2.2.2.dylib */,
				8F5F5BDF2A56A1C400C4A40A /* libjpeg.9.dylib */,
				D94CCDA729FD139400BA7CA9 /* libopenh264.2.3.1.dylib */,
			);
			name = Frameworks;
			sourceTree = "<group>";
		};
/* End PBXGroup section */

/* Begin PBXNativeTarget section */
		D94CCD9B29FD137100BA7CA9 /* mod_openh264 */ = {
			isa = PBXNativeTarget;
			buildConfigurationList = D94CCDA329FD137100BA7CA9 /* Build configuration list for PBXNativeTarget "mod_openh264" */;
			buildPhases = (
				D94CCD9829FD137100BA7CA9 /* Sources */,
				D94CCD9929FD137100BA7CA9 /* Frameworks */,
				D94CCD9A29FD137100BA7CA9 /* CopyFiles */,
			);
			buildRules = (
			);
			dependencies = (
			);
			name = mod_openh264;
			productName = mod_openh264;
			productReference = D94CCD9C29FD137100BA7CA9 /* mod_openh264 */;
			productType = "com.apple.product-type.tool";
		};
/* End PBXNativeTarget section */

/* Begin PBXProject section */
		D94CCD9429FD137100BA7CA9 /* Project object */ = {
			isa = PBXProject;
			attributes = {
				BuildIndependentTargetsInParallel = 1;
				LastUpgradeCheck = 1430;
				TargetAttributes = {
					D94CCD9B29FD137100BA7CA9 = {
						CreatedOnToolsVersion = 14.3;
					};
				};
			};
			buildConfigurationList = D94CCD9729FD137100BA7CA9 /* Build configuration list for PBXProject "mod_openh264" */;
			compatibilityVersion = "Xcode 14.0";
			developmentRegion = en;
			hasScannedForEncodings = 0;
			knownRegions = (
				en,
				Base,
			);
			mainGroup = D94CCD9329FD137100BA7CA9;
			productRefGroup = D94CCD9D29FD137100BA7CA9 /* Products */;
			projectDirPath = "";
			projectRoot = "";
			targets = (
				D94CCD9B29FD137100BA7CA9 /* mod_openh264 */,
			);
		};
/* End PBXProject section */

/* Begin PBXSourcesBuildPhase section */
		D94CCD9829FD137100BA7CA9 /* Sources */ = {
			isa = PBXSourcesBuildPhase;
			buildActionMask = 2147483647;
			files = (
				8F5F5BDE2A56A16300C4A40A /* yuv_helper.cpp in Sources */,
				D93BDC7F29FD14D3006F0E57 /* mod_openh264.cpp in Sources */,
				D94CCDA029FD137100BA7CA9 /* main.cpp in Sources */,
				8F5F5BD52A56A14F00C4A40A /* jpeg_helper.cpp in Sources */,
				8F5F5BD92A56A15900C4A40A /* ppm_helper.cpp in Sources */,
			);
			runOnlyForDeploymentPostprocessing = 0;
		};
/* End PBXSourcesBuildPhase section */

/* Begin XCBuildConfiguration section */
		D94CCDA129FD137100BA7CA9 /* Debug */ = {
			isa = XCBuildConfiguration;
			buildSettings = {
				ALWAYS_SEARCH_USER_PATHS = NO;
				CLANG_ANALYZER_NONNULL = YES;
				CLANG_ANALYZER_NUMBER_OBJECT_CONVERSION = YES_AGGRESSIVE;
				CLANG_CXX_LANGUAGE_STANDARD = "gnu++20";
				CLANG_ENABLE_MODULES = YES;
				CLANG_ENABLE_OBJC_ARC = YES;
				CLANG_ENABLE_OBJC_WEAK = YES;
				CLANG_WARN_BLOCK_CAPTURE_AUTORELEASING = YES;
				CLANG_WARN_BOOL_CONVERSION = YES;
				CLANG_WARN_COMMA = YES;
				CLANG_WARN_CONSTANT_CONVERSION = YES;
				CLANG_WARN_DEPRECATED_OBJC_IMPLEMENTATIONS = YES;
				CLANG_WARN_DIRECT_OBJC_ISA_USAGE = YES_ERROR;
				CLANG_WARN_DOCUMENTATION_COMMENTS = YES;
				CLANG_WARN_EMPTY_BODY = YES;
				CLANG_WARN_ENUM_CONVERSION = YES;
				CLANG_WARN_INFINITE_RECURSION = YES;
				CLANG_WARN_INT_CONVERSION = YES;
				CLANG_WARN_NON_LITERAL_NULL_CONVERSION = YES;
				CLANG_WARN_OBJC_IMPLICIT_RETAIN_SELF = YES;
				CLANG_WARN_OBJC_LITERAL_CONVERSION = YES;
				CLANG_WARN_OBJC_ROOT_CLASS = YES_ERROR;
				CLANG_WARN_QUOTED_INCLUDE_IN_FRAMEWORK_HEADER = YES;
				CLANG_WARN_RANGE_LOOP_ANALYSIS = YES;
				CLANG_WARN_STRICT_PROTOTYPES = YES;
				CLANG_WARN_SUSPICIOUS_MOVE = YES;
				CLANG_WARN_UNGUARDED_AVAILABILITY = YES_AGGRESSIVE;
				CLANG_WARN_UNREACHABLE_CODE = YES;
				CLANG_WARN__DUPLICATE_METHOD_MATCH = YES;
				COPY_PHASE_STRIP = NO;
				DEBUG_INFORMATION_FORMAT = dwarf;
				ENABLE_STRICT_OBJC_MSGSEND = YES;
				ENABLE_TESTABILITY = YES;
				GCC_C_LANGUAGE_STANDARD = gnu11;
				GCC_DYNAMIC_NO_PIC = NO;
				GCC_NO_COMMON_BLOCKS = YES;
				GCC_OPTIMIZATION_LEVEL = 0;
				GCC_PREPROCESSOR_DEFINITIONS = (
					"DEBUG=1",
					"$(inherited)",
				);
				GCC_WARN_64_TO_32_BIT_CONVERSION = YES;
				GCC_WARN_ABOUT_RETURN_TYPE = YES_ERROR;
				GCC_WARN_UNDECLARED_SELECTOR = YES;
				GCC_WARN_UNINITIALIZED_AUTOS = YES_AGGRESSIVE;
				GCC_WARN_UNUSED_FUNCTION = YES;
				GCC_WARN_UNUSED_VARIABLE = YES;
				MACOSX_DEPLOYMENT_TARGET = 13.3;
				MTL_ENABLE_DEBUG_INFO = INCLUDE_SOURCE;
				MTL_FAST_MATH = YES;
				ONLY_ACTIVE_ARCH = YES;
				SDKROOT = macosx;
			};
			name = Debug;
		};
		D94CCDA229FD137100BA7CA9 /* Release */ = {
			isa = XCBuildConfiguration;
			buildSettings = {
				ALWAYS_SEARCH_USER_PATHS = NO;
				CLANG_ANALYZER_NONNULL = YES;
				CLANG_ANALYZER_NUMBER_OBJECT_CONVERSION = YES_AGGRESSIVE;
				CLANG_CXX_LANGUAGE_STANDARD = "gnu++20";
				CLANG_ENABLE_MODULES = YES;
				CLANG_ENABLE_OBJC_ARC = YES;
				CLANG_ENABLE_OBJC_WEAK = YES;
				CLANG_WARN_BLOCK_CAPTURE_AUTORELEASING = YES;
				CLANG_WARN_BOOL_CONVERSION = YES;
				CLANG_WARN_COMMA = YES;
				CLANG_WARN_CONSTANT_CONVERSION = YES;
				CLANG_WARN_DEPRECATED_OBJC_IMPLEMENTATIONS = YES;
				CLANG_WARN_DIRECT_OBJC_ISA_USAGE = YES_ERROR;
				CLANG_WARN_DOCUMENTATION_COMMENTS = YES;
				CLANG_WARN_EMPTY_BODY = YES;
				CLANG_WARN_ENUM_CONVERSION = YES;
				CLANG_WARN_INFINITE_RECURSION = YES;
				CLANG_WARN_INT_CONVERSION = YES;
				CLANG_WARN_NON_LITERAL_NULL_CONVERSION = YES;
				CLANG_WARN_OBJC_IMPLICIT_RETAIN_SELF = YES;
				CLANG_WARN_OBJC_LITERAL_CONVERSION = YES;
				CLANG_WARN_OBJC_ROOT_CLASS = YES_ERROR;
				CLANG_WARN_QUOTED_INCLUDE_IN_FRAMEWORK_HEADER = YES;
				CLANG_WARN_RANGE_LOOP_ANALYSIS = YES;
				CLANG_WARN_STRICT_PROTOTYPES = YES;
				CLANG_WARN_SUSPICIOUS_MOVE = YES;
				CLANG_WARN_UNGUARDED_AVAILABILITY = YES_AGGRESSIVE;
				CLANG_WARN_UNREACHABLE_CODE = YES;
				CLANG_WARN__DUPLICATE_METHOD_MATCH = YES;
				COPY_PHASE_STRIP = NO;
				DEBUG_INFORMATION_FORMAT = "dwarf-with-dsym";
				ENABLE_NS_ASSERTIONS = NO;
				ENABLE_STRICT_OBJC_MSGSEND = YES;
				GCC_C_LANGUAGE_STANDARD = gnu11;
				GCC_NO_COMMON_BLOCKS = YES;
				GCC_WARN_64_TO_32_BIT_CONVERSION = YES;
				GCC_WARN_ABOUT_RETURN_TYPE = YES_ERROR;
				GCC_WARN_UNDECLARED_SELECTOR = YES;
				GCC_WARN_UNINITIALIZED_AUTOS = YES_AGGRESSIVE;
				GCC_WARN_UNUSED_FUNCTION = YES;
				GCC_WARN_UNUSED_VARIABLE = YES;
				MACOSX_DEPLOYMENT_TARGET = 13.3;
				MTL_ENABLE_DEBUG_INFO = NO;
				MTL_FAST_MATH = YES;
				SDKROOT = macosx;
			};
			name = Release;
		};
		D94CCDA429FD137100BA7CA9 /* Debug */ = {
			isa = XCBuildConfiguration;
			buildSettings = {
				CODE_SIGN_STYLE = Automatic;
				HEADER_SEARCH_PATHS = (
					/opt/homebrew/Cellar/gflags/2.2.2/include,
					/opt/homebrew/Cellar/glog/0.6.0/include,
					/opt/homebrew/Cellar/jpeg/9e/include,
					/opt/homebrew/Cellar/openh264/2.3.1/include,
				);
				LIBRARY_SEARCH_PATHS = (
					"$(inherited)",
					/opt/homebrew/Cellar/gflags/2.2.2/lib,
					/opt/homebrew/Cellar/glog/0.6.0/lib,
					/opt/homebrew/Cellar/jpeg/9e/lib,
					/opt/homebrew/Cellar/openh264/2.3.1/lib,
				);
				PRODUCT_NAME = "$(TARGET_NAME)";
			};
			name = Debug;
		};
		D94CCDA529FD137100BA7CA9 /* Release */ = {
			isa = XCBuildConfiguration;
			buildSettings = {
				CODE_SIGN_STYLE = Automatic;
				HEADER_SEARCH_PATHS = (
					/opt/homebrew/Cellar/gflags/2.2.2/include,
					/opt/homebrew/Cellar/glog/0.6.0/include,
					/opt/homebrew/Cellar/jpeg/9e/include,
					/opt/homebrew/Cellar/openh264/2.3.1/include,
				);
				LIBRARY_SEARCH_PATHS = (
					"$(inherited)",
					/opt/homebrew/Cellar/gflags/2.2.2/lib,
					/opt/homebrew/Cellar/glog/0.6.0/lib,
					/opt/homebrew/Cellar/jpeg/9e/lib,
					/opt/homebrew/Cellar/openh264/2.3.1/lib,
				);
				PRODUCT_NAME = "$(TARGET_NAME)";
			};
			name = Release;
		};
/* End XCBuildConfiguration section */

/* Begin XCConfigurationList section */
		D94CCD9729FD137100BA7CA9 /* Build configuration list for PBXProject "mod_openh264" */ = {
			isa = XCConfigurationList;
			buildConfigurations = (
				D94CCDA129FD137100BA7CA9 /* Debug */,
				D94CCDA229FD137100BA7CA9 /* Release */,
			);
			defaultConfigurationIsVisible = 0;
			defaultConfigurationName = Release;
		};
		D94CCDA329FD137100BA7CA9 /* Build configuration list for PBXNativeTarget "mod_openh264" */ = {
			isa = XCConfigurationList;
			buildConfigurations = (
				D94CCDA429FD137100BA7CA9 /* Debug */,
				D94CCDA529FD137100BA7CA9 /* Release */,
			);
			defaultConfigurationIsVisible = 0;
			defaultConfigurationName = Release;
		};
/* End XCConfigurationList section */
	};
	rootObject = D94CCD9429FD137100BA7CA9 /* Project object */;
}
